
Microsoft Visual Studio Solution File, Format Version 12.00
# Visual Studio 15
VisualStudioVersion = 15.0.28307.779
MinimumVisualStudioVersion = 10.0.40219.1
Project("{8BC9CEB8-8B4A-11D0-8D11-00A0C91BC942}") = "oop-lw3", "oop-lw3\oop-lw3.vcxproj", "{5573AA75-A1A7-4086-9331-EF6AC27756BB}"
EndProject
Project("{8BC9CEB8-8B4A-11D0-8D11-00A0C91BC942}") = "5.3.10.4", "5.3.10.4\5.3.10.4.vcxproj", "{854671EE-5C00-4E06-8FE7-197DB933B1D7}"
EndProject
Project("{8BC9CEB8-8B4A-11D0-8D11-00A0C91BC942}") = "6.5.8.1", "6.5.8.1\6.5.8.1.vcxproj", "{2CEA5668-33EE-4C10-8027-4D7C7A7E5704}"
EndProject
Project("{8BC9CEB8-8B4A-11D0-8D11-00A0C91BC942}") = "7.5.10.1", "7.5.10.1\7.5.10.1.vcxproj", "{E6EC40CE-30B6-4E4C-9D50-9FFCDC359B3E}"
EndProject
Project("{8BC9CEB8-8B4A-11D0-8D11-00A0C91BC942}") = "8.4.1", "8.4.1\8.4.1.vcxproj", "{392E36C3-007A-4EC2-A08F-BF36082E7E8A}"
EndProject
Global
	GlobalSection(SolutionConfigurationPlatforms) = preSolution
		Debug|x64 = Debug|x64
		Debug|x86 = Debug|x86
		Release|x64 = Release|x64
		Release|x86 = Release|x86
	EndGlobalSection
	GlobalSection(ProjectConfigurationPlatforms) = postSolution
		{5573AA75-A1A7-4086-9331-EF6AC27756BB}.Debug|x64.ActiveCfg = Debug|x64
		{5573AA75-A1A7-4086-9331-EF6AC27756BB}.Debug|x64.Build.0 = Debug|x64
		{5573AA75-A1A7-4086-9331-EF6AC27756BB}.Debug|x86.ActiveCfg = Debug|Win32
		{5573AA75-A1A7-4086-9331-EF6AC27756BB}.Debug|x86.Build.0 = Debug|Win32
		{5573AA75-A1A7-4086-9331-EF6AC27756BB}.Release|x64.ActiveCfg = Release|x64
		{5573AA75-A1A7-4086-9331-EF6AC27756BB}.Release|x64.Build.0 = Release|x64
		{5573AA75-A1A7-4086-9331-EF6AC27756BB}.Release|x86.ActiveCfg = Release|Win32
		{5573AA75-A1A7-4086-9331-EF6AC27756BB}.Release|x86.Build.0 = Release|Win32
		{854671EE-5C00-4E06-8FE7-197DB933B1D7}.Debug|x64.ActiveCfg = Debug|x64
		{854671EE-5C00-4E06-8FE7-197DB933B1D7}.Debug|x64.Build.0 = Debug|x64
		{854671EE-5C00-4E06-8FE7-197DB933B1D7}.Debug|x86.ActiveCfg = Debug|Win32
		{854671EE-5C00-4E06-8FE7-197DB933B1D7}.Debug|x86.Build.0 = Debug|Win32
		{854671EE-5C00-4E06-8FE7-197DB933B1D7}.Release|x64.ActiveCfg = Release|x64
		{854671EE-5C00-4E06-8FE7-197DB933B1D7}.Release|x64.Build.0 = Release|x64
		{854671EE-5C00-4E06-8FE7-197DB933B1D7}.Release|x86.ActiveCfg = Release|Win32
		{854671EE-5C00-4E06-8FE7-197DB933B1D7}.Release|x86.Build.0 = Release|Win32
		{2CEA5668-33EE-4C10-8027-4D7C7A7E5704}.Debug|x64.ActiveCfg = Debug|x64
		{2CEA5668-33EE-4C10-8027-4D7C7A7E5704}.Debug|x64.Build.0 = Debug|x64
		{2CEA5668-33EE-4C10-8027-4D7C7A7E5704}.Debug|x86.ActiveCfg = Debug|Win32
		{2CEA5668-33EE-4C10-8027-4D7C7A7E5704}.Debug|x86.Build.0 = Debug|Win32
		{2CEA5668-33EE-4C10-8027-4D7C7A7E5704}.Release|x64.ActiveCfg = Release|x64
		{2CEA5668-33EE-4C10-8027-4D7C7A7E5704}.Release|x64.Build.0 = Release|x64
		{2CEA5668-33EE-4C10-8027-4D7C7A7E5704}.Release|x86.ActiveCfg = Release|Win32
		{2CEA5668-33EE-4C10-8027-4D7C7A7E5704}.Release|x86.Build.0 = Release|Win32
		{E6EC40CE-30B6-4E4C-9D50-9FFCDC359B3E}.Debug|x64.ActiveCfg = Debug|x64
		{E6EC40CE-30B6-4E4C-9D50-9FFCDC359B3E}.Debug|x64.Build.0 = Debug|x64
		{E6EC40CE-30B6-4E4C-9D50-9FFCDC359B3E}.Debug|x86.ActiveCfg = Debug|Win32
		{E6EC40CE-30B6-4E4C-9D50-9FFCDC359B3E}.Debug|x86.Build.0 = Debug|Win32
		{E6EC40CE-30B6-4E4C-9D50-9FFCDC359B3E}.Release|x64.ActiveCfg = Release|x64
		{E6EC40CE-30B6-4E4C-9D50-9FFCDC359B3E}.Release|x64.Build.0 = Release|x64
		{E6EC40CE-30B6-4E4C-9D50-9FFCDC359B3E}.Release|x86.ActiveCfg = Release|Win32
		{E6EC40CE-30B6-4E4C-9D50-9FFCDC359B3E}.Release|x86.Build.0 = Release|Win32
		{392E36C3-007A-4EC2-A08F-BF36082E7E8A}.Debug|x64.ActiveCfg = Debug|x64
		{392E36C3-007A-4EC2-A08F-BF36082E7E8A}.Debug|x64.Build.0 = Debug|x64
		{392E36C3-007A-4EC2-A08F-BF36082E7E8A}.Debug|x86.ActiveCfg = Debug|Win32
		{392E36C3-007A-4EC2-A08F-BF36082E7E8A}.Debug|x86.Build.0 = Debug|Win32
		{392E36C3-007A-4EC2-A08F-BF36082E7E8A}.Release|x64.ActiveCfg = Release|x64
		{392E36C3-007A-4EC2-A08F-BF36082E7E8A}.Release|x64.Build.0 = Release|x64
		{392E36C3-007A-4EC2-A08F-BF36082E7E8A}.Release|x86.ActiveCfg = Release|Win32
		{392E36C3-007A-4EC2-A08F-BF36082E7E8A}.Release|x86.Build.0 = Release|Win32
	EndGlobalSection
	GlobalSection(SolutionProperties) = preSolution
		HideSolutionNode = FALSE
	EndGlobalSection
	GlobalSection(ExtensibilityGlobals) = postSolution
		SolutionGuid = {C58AF2BE-698A-4FA7-8DE7-DEEEBD361533}
	EndGlobalSection
EndGlobal
